
Microsoft Visual Studio Solution File, Format Version 12.00
# Visual Studio Version 17
VisualStudioVersion = 17.14.36221.1 d17.14
MinimumVisualStudioVersion = 10.0.40219.1
Project("{2150E333-8FDC-42A3-9474-1A3956D46DE8}") = "Documents", "Documents", "{8578EFB1-3D7D-46B6-A63B-A2B147064E21}"
	ProjectSection(SolutionItems) = preProject
		..\Observability.png = ..\Observability.png
		..\README.md = ..\README.md
		ModularMonolith.drawio = ModularMonolith.drawio
		ModularMonolith.drawio.png = ModularMonolith.drawio.png
		README.md = README.md
		..\ModernTestPyramid.png = ..\ModernTestPyramid.png
	EndProjectSection
EndProject
Project("{2150E333-8FDC-42A3-9474-1A3956D46DE8}") = "Testing", "Testing", "{A9E5EBD2-F136-4009-8BA3-183C3FACC9EE}"
EndProject
Project("{E53339B2-1760-4266-BCC7-CA923CBCF16C}") = "docker-compose", "LocalHosting\docker-compose.dcproj", "{81DDED9D-158B-E303-5F62-77A2896D2A5A}"
EndProject
Project("{FAE04EC0-301F-11D3-BF4B-00C04F79EFBC}") = "Host.Aspire", "LocalHosting\Host.Aspire\Host.Aspire.csproj", "{8C866276-D219-4913-9C42-FFF5B2271053}"
EndProject
Project("{FAE04EC0-301F-11D3-BF4B-00C04F79EFBC}") = "Domain", "CommonLibraries\Domain\Domain.csproj", "{5ACC84DA-B2D5-487E-8A5A-9F6D23EA0FE2}"
EndProject
Project("{FAE04EC0-301F-11D3-BF4B-00C04F79EFBC}") = "Host", "Host\Host.csproj", "{5FC24B78-E23D-4812-88B9-E89E8CD188E8}"
EndProject
Project("{FAE04EC0-301F-11D3-BF4B-00C04F79EFBC}") = "Host.Migrations", "Database\Host.Migrations\Host.Migrations.csproj", "{1B4BB399-9A25-41C2-B901-0603E6FA7D61}"
EndProject
Project("{FAE04EC0-301F-11D3-BF4B-00C04F79EFBC}") = "Migrations", "Database\Migrations\Migrations.csproj", "{9CDD1397-4E93-40BE-B5BF-B7B321A3433D}"
EndProject
Project("{FAE04EC0-301F-11D3-BF4B-00C04F79EFBC}") = "Infrastructure.Events", "Modules\Events\Infrastructure.Events\Infrastructure.Events.csproj", "{DCB8DF11-462C-4604-88FE-C45BC822F7AC}"
EndProject
Project("{FAE04EC0-301F-11D3-BF4B-00C04F79EFBC}") = "Testing.Component", "Testing\Testing.Component\Testing.Component.csproj", "{220694EB-C7CD-47C6-8FC9-D8C9A6126BE5}"
EndProject
Project("{FAE04EC0-301F-11D3-BF4B-00C04F79EFBC}") = "Controllers.Events", "Modules\Events\Controllers.Events\Controllers.Events.csproj", "{1D1FC05F-38B9-4DDE-A7F6-A7AE2E3E5A0D}"
EndProject
Project("{FAE04EC0-301F-11D3-BF4B-00C04F79EFBC}") = "Domain.Events", "Modules\Events\Domain.Events\Domain.Events.csproj", "{4181B791-6000-45F1-9CE5-917A0157B60F}"
EndProject
Project("{FAE04EC0-301F-11D3-BF4B-00C04F79EFBC}") = "Domain.Users", "Modules\Users\Domain.Users\Domain.Users.csproj", "{BE0381B7-233A-430F-97E5-CE5655A1DD67}"
EndProject
Project("{FAE04EC0-301F-11D3-BF4B-00C04F79EFBC}") = "Controllers.Users", "Modules\Users\Controllers.Users\Controllers.Users.csproj", "{E850D32B-2C11-4424-B7CB-0C95FA43EA44}"
EndProject
Project("{2150E333-8FDC-42A3-9474-1A3956D46DE8}") = "Events", "Events", "{DC0A904F-65DE-46AF-AA71-CF63E2803A64}"
EndProject
Project("{2150E333-8FDC-42A3-9474-1A3956D46DE8}") = "Users", "Users", "{BFAD1DFA-E07E-4062-98FB-54AC88B5EA9D}"
EndProject
Project("{FAE04EC0-301F-11D3-BF4B-00C04F79EFBC}") = "Host.Dataseeder", "LocalHosting\Host.Dataseeder\Host.Dataseeder.csproj", "{C44A38AC-107C-4637-861E-3DB726F9CB21}"
EndProject
Project("{2150E333-8FDC-42A3-9474-1A3956D46DE8}") = "Tickets", "Tickets", "{CCE57025-2696-4882-A2CA-DEB5F8413740}"
EndProject
Project("{FAE04EC0-301F-11D3-BF4B-00C04F79EFBC}") = "Integration.Events.Messaging", "Modules\Events\Integration.Events.Messaging\Integration.Events.Messaging.csproj", "{192B9F0A-835C-4A68-8E88-961C2CFE89AC}"
EndProject
Project("{FAE04EC0-301F-11D3-BF4B-00C04F79EFBC}") = "Domain.Tickets", "Modules\Tickets\Domain.Tickets\Domain.Tickets.csproj", "{C8359FB9-A3B5-4119-8B6B-42185E23A9B8}"
EndProject
Project("{FAE04EC0-301F-11D3-BF4B-00C04F79EFBC}") = "Controllers.Tickets", "Modules\Tickets\Controllers.Tickets\Controllers.Tickets.csproj", "{46AE2095-7383-4207-8EC8-7DF4EB2FE088}"
EndProject
Project("{FAE04EC0-301F-11D3-BF4B-00C04F79EFBC}") = "Integration.Users.Messaging", "Modules\Users\Integration.Users.Messaging\Integration.Users.Messaging.csproj", "{467F1445-ACC0-48D6-B40B-EE7C5DB01B10}"
EndProject
Project("{FAE04EC0-301F-11D3-BF4B-00C04F79EFBC}") = "Application.Tickets", "Modules\Tickets\Application.Tickets\Application.Tickets.csproj", "{F1A42FA6-9F73-4121-B082-1D2C7B7338A5}"
EndProject
Project("{2150E333-8FDC-42A3-9474-1A3956D46DE8}") = "Database", "Database", "{D116428A-F67B-46AE-A347-0C3574DCAC5A}"
EndProject
Project("{2150E333-8FDC-42A3-9474-1A3956D46DE8}") = "CommonLibraries", "CommonLibraries", "{B27BEC3F-9630-4040-83C5-60B309ADC70A}"
EndProject
Project("{2150E333-8FDC-42A3-9474-1A3956D46DE8}") = "LocalHosting", "LocalHosting", "{6A03D0AD-A745-4B9F-BE59-C34FDE457431}"
	ProjectSection(SolutionItems) = preProject
		LocalHosting\ticketbuddy-realm.json = LocalHosting\ticketbuddy-realm.json
	EndProjectSection
EndProject
Project("{2150E333-8FDC-42A3-9474-1A3956D46DE8}") = "Modules", "Modules", "{ED768F79-3791-45D7-BE9B-E5C77804D384}"
EndProject
Project("{2150E333-8FDC-42A3-9474-1A3956D46DE8}") = "TicketBuddy", "TicketBuddy", "{B524DECE-236C-4DEA-8E8B-B8D847FE776B}"
EndProject
Project("{FAE04EC0-301F-11D3-BF4B-00C04F79EFBC}") = "Testing.Unit.Events", "Modules\Events\Testing.Unit.Events\Testing.Unit.Events.csproj", "{69A2B175-86E2-48C8-A2B8-CCB12EFDB549}"
EndProject
Project("{FAE04EC0-301F-11D3-BF4B-00C04F79EFBC}") = "Testing.Unit.Users", "Modules\Users\Testing.Unit.Users\Testing.Unit.Users.csproj", "{D9A0303E-7D66-4C6C-A220-5181A3C7257E}"
EndProject
Project("{FAE04EC0-301F-11D3-BF4B-00C04F79EFBC}") = "Infrastructure.Tickets", "Modules\Tickets\Infrastructure.Tickets\Infrastructure.Tickets.csproj", "{A03C1592-C3C9-40AE-933B-07ACBC2399D6}"
EndProject
Project("{FAE04EC0-301F-11D3-BF4B-00C04F79EFBC}") = "Application.Events", "Modules\Events\Application.Events\Application.Events.csproj", "{D8D92C00-2B1D-4D27-94FD-1B62199C019F}"
EndProject
Project("{FAE04EC0-301F-11D3-BF4B-00C04F79EFBC}") = "Infrastructure", "CommonLibraries\Infrastructure\Infrastructure.csproj", "{1A4726D8-B822-4B08-9C71-BB82C14A589F}"
EndProject
Project("{FAE04EC0-301F-11D3-BF4B-00C04F79EFBC}") = "Infrastructure.Users", "Modules\Users\Infrastructure.Users\Infrastructure.Users.csproj", "{ED1C5A29-29C3-4CC6-8879-12FA16582961}"
EndProject
Project("{FAE04EC0-301F-11D3-BF4B-00C04F79EFBC}") = "Application.Users", "Modules\Users\Application.Users\Application.Users.csproj", "{355C9264-48AF-4853-B925-86CD64C726FA}"
EndProject
Project("{FAE04EC0-301F-11D3-BF4B-00C04F79EFBC}") = "Application", "CommonLibraries\Application\Application.csproj", "{CB1CE6C3-56D5-4D70-9606-405501B51D80}"
EndProject
Project("{FAE04EC0-301F-11D3-BF4B-00C04F79EFBC}") = "Testing.Unit.Tickets", "Modules\Tickets\Testing.Unit.Tickets\Testing.Unit.Tickets.csproj", "{1933DB28-9DFC-4057-B7AF-FD88B84893A1}"
EndProject
Project("{FAE04EC0-301F-11D3-BF4B-00C04F79EFBC}") = "Integration.Tickets.Messaging", "Modules\Tickets\Integration.Tickets.Messaging\Integration.Tickets.Messaging.csproj", "{E4FFC9B9-552F-46CB-A848-9E8B88EAC72C}"
EndProject
Project("{2150E333-8FDC-42A3-9474-1A3956D46DE8}") = "CI", "CI", "{15959AC3-E3EF-44FF-8373-16AFC8F59D86}"
	ProjectSection(SolutionItems) = preProject
		..\.github\workflows\BuildModularMonolith.yaml = ..\.github\workflows\BuildModularMonolith.yaml
	EndProjectSection
EndProject
Project("{2150E333-8FDC-42A3-9474-1A3956D46DE8}") = "LLMs", "LLMs", "{C467696C-ECB3-4420-80F1-5DEB3F4554F8}"
	ProjectSection(SolutionItems) = preProject
		CLAUDE.md = CLAUDE.md
	EndProjectSection
EndProject
Project("{2150E333-8FDC-42A3-9474-1A3956D46DE8}") = "Testing", "Testing", "{9ED07BC2-571C-4D7B-B514-25B4D12ACACD}"
EndProject
Project("{FAE04EC0-301F-11D3-BF4B-00C04F79EFBC}") = "Testing.Architecture.Tickets", "Modules\Tickets\Testing.Architecture.Tickets\Testing.Architecture.Tickets.csproj", "{5E156C1C-4741-43B9-8A94-8F6B8D2AF822}"
EndProject
Project("{2150E333-8FDC-42A3-9474-1A3956D46DE8}") = "Testing", "Testing", "{941704C9-A452-4C0D-9B60-E7CC0C871CAE}"
EndProject
Project("{FAE04EC0-301F-11D3-BF4B-00C04F79EFBC}") = "Testing.Architecture.Events", "Modules\Events\Testing.Architecture.Events\Testing.Architecture.Events.csproj", "{4D435509-94A7-4931-BEDE-7D51A495CD3F}"
EndProject
Project("{2150E333-8FDC-42A3-9474-1A3956D46DE8}") = "Testing", "Testing", "{1FAA0D3A-4BA6-4D6C-BD24-9736B371E617}"
EndProject
Project("{FAE04EC0-301F-11D3-BF4B-00C04F79EFBC}") = "Testing.Architecture.Users", "Modules\Users\Testing.Architecture.Users\Testing.Architecture.Users.csproj", "{B4891BDA-747D-4F8E-94D8-445593B20AEC}"
EndProject
Project("{2150E333-8FDC-42A3-9474-1A3956D46DE8}") = "Solution", "Solution", "{1E5BDF95-3100-4F40-BDEF-62FF05F5F6BD}"
	ProjectSection(SolutionItems) = preProject
		..\.gitignore = ..\.gitignore
		Directory.Packages.props = Directory.Packages.props
		nuget.config = nuget.config
	EndProjectSection
EndProject
Project("{FAE04EC0-301F-11D3-BF4B-00C04F79EFBC}") = "Testing.Acceptance", "Testing\Testing.Acceptance\Testing.Acceptance.csproj", "{DCFCF162-1C64-439D-9D4F-BEBEDCD5379C}"
EndProject
Project("{FAE04EC0-301F-11D3-BF4B-00C04F79EFBC}") = "Testing.Integration.Events", "Modules\Events\Testing.Integration.Events\Testing.Integration.Events.csproj", "{65919C1C-B149-4908-994A-ED450B9375C3}"
EndProject
Project("{FAE04EC0-301F-11D3-BF4B-00C04F79EFBC}") = "Testing.Integration.Tickets", "Modules\Tickets\Testing.Integration.Tickets\Testing.Integration.Tickets.csproj", "{E1096C0B-2878-4CF2-B943-39925E3FCFED}"
EndProject
Project("{FAE04EC0-301F-11D3-BF4B-00C04F79EFBC}") = "Testing.Integration.Users", "Modules\Users\Testing.Integration.Users\Testing.Integration.Users.csproj", "{B83BD312-6CFD-4747-834D-99D664BA67C3}"
EndProject
Project("{FAE04EC0-301F-11D3-BF4B-00C04F79EFBC}") = "Testing", "CommonLibraries\Testing\Testing.csproj", "{E86143F7-5497-4364-AF58-6EE582AB057C}"
EndProject
Global
	GlobalSection(SolutionConfigurationPlatforms) = preSolution
		Debug|Any CPU = Debug|Any CPU
		Release|Any CPU = Release|Any CPU
	EndGlobalSection
	GlobalSection(ProjectConfigurationPlatforms) = postSolution
		{81DDED9D-158B-E303-5F62-77A2896D2A5A}.Debug|Any CPU.ActiveCfg = Debug|Any CPU
		{81DDED9D-158B-E303-5F62-77A2896D2A5A}.Debug|Any CPU.Build.0 = Debug|Any CPU
		{81DDED9D-158B-E303-5F62-77A2896D2A5A}.Release|Any CPU.ActiveCfg = Release|Any CPU
		{81DDED9D-158B-E303-5F62-77A2896D2A5A}.Release|Any CPU.Build.0 = Release|Any CPU
		{8C866276-D219-4913-9C42-FFF5B2271053}.Debug|Any CPU.ActiveCfg = Debug|Any CPU
		{8C866276-D219-4913-9C42-FFF5B2271053}.Debug|Any CPU.Build.0 = Debug|Any CPU
		{8C866276-D219-4913-9C42-FFF5B2271053}.Release|Any CPU.ActiveCfg = Release|Any CPU
		{8C866276-D219-4913-9C42-FFF5B2271053}.Release|Any CPU.Build.0 = Release|Any CPU
		{5ACC84DA-B2D5-487E-8A5A-9F6D23EA0FE2}.Debug|Any CPU.ActiveCfg = Debug|Any CPU
		{5ACC84DA-B2D5-487E-8A5A-9F6D23EA0FE2}.Debug|Any CPU.Build.0 = Debug|Any CPU
		{5ACC84DA-B2D5-487E-8A5A-9F6D23EA0FE2}.Release|Any CPU.ActiveCfg = Release|Any CPU
		{5ACC84DA-B2D5-487E-8A5A-9F6D23EA0FE2}.Release|Any CPU.Build.0 = Release|Any CPU
		{5FC24B78-E23D-4812-88B9-E89E8CD188E8}.Debug|Any CPU.ActiveCfg = Debug|Any CPU
		{5FC24B78-E23D-4812-88B9-E89E8CD188E8}.Debug|Any CPU.Build.0 = Debug|Any CPU
		{5FC24B78-E23D-4812-88B9-E89E8CD188E8}.Release|Any CPU.ActiveCfg = Release|Any CPU
		{5FC24B78-E23D-4812-88B9-E89E8CD188E8}.Release|Any CPU.Build.0 = Release|Any CPU
		{1B4BB399-9A25-41C2-B901-0603E6FA7D61}.Debug|Any CPU.ActiveCfg = Debug|Any CPU
		{1B4BB399-9A25-41C2-B901-0603E6FA7D61}.Debug|Any CPU.Build.0 = Debug|Any CPU
		{1B4BB399-9A25-41C2-B901-0603E6FA7D61}.Release|Any CPU.ActiveCfg = Release|Any CPU
		{1B4BB399-9A25-41C2-B901-0603E6FA7D61}.Release|Any CPU.Build.0 = Release|Any CPU
		{9CDD1397-4E93-40BE-B5BF-B7B321A3433D}.Debug|Any CPU.ActiveCfg = Debug|Any CPU
		{9CDD1397-4E93-40BE-B5BF-B7B321A3433D}.Debug|Any CPU.Build.0 = Debug|Any CPU
		{9CDD1397-4E93-40BE-B5BF-B7B321A3433D}.Release|Any CPU.ActiveCfg = Release|Any CPU
		{9CDD1397-4E93-40BE-B5BF-B7B321A3433D}.Release|Any CPU.Build.0 = Release|Any CPU
		{DCB8DF11-462C-4604-88FE-C45BC822F7AC}.Debug|Any CPU.ActiveCfg = Debug|Any CPU
		{DCB8DF11-462C-4604-88FE-C45BC822F7AC}.Debug|Any CPU.Build.0 = Debug|Any CPU
		{DCB8DF11-462C-4604-88FE-C45BC822F7AC}.Release|Any CPU.ActiveCfg = Release|Any CPU
		{DCB8DF11-462C-4604-88FE-C45BC822F7AC}.Release|Any CPU.Build.0 = Release|Any CPU
		{220694EB-C7CD-47C6-8FC9-D8C9A6126BE5}.Debug|Any CPU.ActiveCfg = Debug|Any CPU
		{220694EB-C7CD-47C6-8FC9-D8C9A6126BE5}.Debug|Any CPU.Build.0 = Debug|Any CPU
		{220694EB-C7CD-47C6-8FC9-D8C9A6126BE5}.Release|Any CPU.ActiveCfg = Release|Any CPU
		{220694EB-C7CD-47C6-8FC9-D8C9A6126BE5}.Release|Any CPU.Build.0 = Release|Any CPU
		{1D1FC05F-38B9-4DDE-A7F6-A7AE2E3E5A0D}.Debug|Any CPU.ActiveCfg = Debug|Any CPU
		{1D1FC05F-38B9-4DDE-A7F6-A7AE2E3E5A0D}.Debug|Any CPU.Build.0 = Debug|Any CPU
		{1D1FC05F-38B9-4DDE-A7F6-A7AE2E3E5A0D}.Release|Any CPU.ActiveCfg = Release|Any CPU
		{1D1FC05F-38B9-4DDE-A7F6-A7AE2E3E5A0D}.Release|Any CPU.Build.0 = Release|Any CPU
		{4181B791-6000-45F1-9CE5-917A0157B60F}.Debug|Any CPU.ActiveCfg = Debug|Any CPU
		{4181B791-6000-45F1-9CE5-917A0157B60F}.Debug|Any CPU.Build.0 = Debug|Any CPU
		{4181B791-6000-45F1-9CE5-917A0157B60F}.Release|Any CPU.ActiveCfg = Release|Any CPU
		{4181B791-6000-45F1-9CE5-917A0157B60F}.Release|Any CPU.Build.0 = Release|Any CPU
		{BE0381B7-233A-430F-97E5-CE5655A1DD67}.Debug|Any CPU.ActiveCfg = Debug|Any CPU
		{BE0381B7-233A-430F-97E5-CE5655A1DD67}.Debug|Any CPU.Build.0 = Debug|Any CPU
		{BE0381B7-233A-430F-97E5-CE5655A1DD67}.Release|Any CPU.ActiveCfg = Release|Any CPU
		{BE0381B7-233A-430F-97E5-CE5655A1DD67}.Release|Any CPU.Build.0 = Release|Any CPU
		{E850D32B-2C11-4424-B7CB-0C95FA43EA44}.Debug|Any CPU.ActiveCfg = Debug|Any CPU
		{E850D32B-2C11-4424-B7CB-0C95FA43EA44}.Debug|Any CPU.Build.0 = Debug|Any CPU
		{E850D32B-2C11-4424-B7CB-0C95FA43EA44}.Release|Any CPU.ActiveCfg = Release|Any CPU
		{E850D32B-2C11-4424-B7CB-0C95FA43EA44}.Release|Any CPU.Build.0 = Release|Any CPU
		{C44A38AC-107C-4637-861E-3DB726F9CB21}.Debug|Any CPU.ActiveCfg = Debug|Any CPU
		{C44A38AC-107C-4637-861E-3DB726F9CB21}.Debug|Any CPU.Build.0 = Debug|Any CPU
		{C44A38AC-107C-4637-861E-3DB726F9CB21}.Release|Any CPU.ActiveCfg = Release|Any CPU
		{C44A38AC-107C-4637-861E-3DB726F9CB21}.Release|Any CPU.Build.0 = Release|Any CPU
		{192B9F0A-835C-4A68-8E88-961C2CFE89AC}.Debug|Any CPU.ActiveCfg = Debug|Any CPU
		{192B9F0A-835C-4A68-8E88-961C2CFE89AC}.Debug|Any CPU.Build.0 = Debug|Any CPU
		{192B9F0A-835C-4A68-8E88-961C2CFE89AC}.Release|Any CPU.ActiveCfg = Release|Any CPU
		{192B9F0A-835C-4A68-8E88-961C2CFE89AC}.Release|Any CPU.Build.0 = Release|Any CPU
		{C8359FB9-A3B5-4119-8B6B-42185E23A9B8}.Debug|Any CPU.ActiveCfg = Debug|Any CPU
		{C8359FB9-A3B5-4119-8B6B-42185E23A9B8}.Debug|Any CPU.Build.0 = Debug|Any CPU
		{C8359FB9-A3B5-4119-8B6B-42185E23A9B8}.Release|Any CPU.ActiveCfg = Release|Any CPU
		{C8359FB9-A3B5-4119-8B6B-42185E23A9B8}.Release|Any CPU.Build.0 = Release|Any CPU
		{46AE2095-7383-4207-8EC8-7DF4EB2FE088}.Debug|Any CPU.ActiveCfg = Debug|Any CPU
		{46AE2095-7383-4207-8EC8-7DF4EB2FE088}.Debug|Any CPU.Build.0 = Debug|Any CPU
		{46AE2095-7383-4207-8EC8-7DF4EB2FE088}.Release|Any CPU.ActiveCfg = Release|Any CPU
		{46AE2095-7383-4207-8EC8-7DF4EB2FE088}.Release|Any CPU.Build.0 = Release|Any CPU
		{467F1445-ACC0-48D6-B40B-EE7C5DB01B10}.Debug|Any CPU.ActiveCfg = Debug|Any CPU
		{467F1445-ACC0-48D6-B40B-EE7C5DB01B10}.Debug|Any CPU.Build.0 = Debug|Any CPU
		{467F1445-ACC0-48D6-B40B-EE7C5DB01B10}.Release|Any CPU.ActiveCfg = Release|Any CPU
		{467F1445-ACC0-48D6-B40B-EE7C5DB01B10}.Release|Any CPU.Build.0 = Release|Any CPU
		{F1A42FA6-9F73-4121-B082-1D2C7B7338A5}.Debug|Any CPU.ActiveCfg = Debug|Any CPU
		{F1A42FA6-9F73-4121-B082-1D2C7B7338A5}.Debug|Any CPU.Build.0 = Debug|Any CPU
		{F1A42FA6-9F73-4121-B082-1D2C7B7338A5}.Release|Any CPU.ActiveCfg = Release|Any CPU
		{F1A42FA6-9F73-4121-B082-1D2C7B7338A5}.Release|Any CPU.Build.0 = Release|Any CPU
		{69A2B175-86E2-48C8-A2B8-CCB12EFDB549}.Debug|Any CPU.ActiveCfg = Debug|Any CPU
		{69A2B175-86E2-48C8-A2B8-CCB12EFDB549}.Debug|Any CPU.Build.0 = Debug|Any CPU
		{69A2B175-86E2-48C8-A2B8-CCB12EFDB549}.Release|Any CPU.ActiveCfg = Release|Any CPU
		{69A2B175-86E2-48C8-A2B8-CCB12EFDB549}.Release|Any CPU.Build.0 = Release|Any CPU
		{D9A0303E-7D66-4C6C-A220-5181A3C7257E}.Debug|Any CPU.ActiveCfg = Debug|Any CPU
		{D9A0303E-7D66-4C6C-A220-5181A3C7257E}.Debug|Any CPU.Build.0 = Debug|Any CPU
		{D9A0303E-7D66-4C6C-A220-5181A3C7257E}.Release|Any CPU.ActiveCfg = Release|Any CPU
		{D9A0303E-7D66-4C6C-A220-5181A3C7257E}.Release|Any CPU.Build.0 = Release|Any CPU
		{A03C1592-C3C9-40AE-933B-07ACBC2399D6}.Debug|Any CPU.ActiveCfg = Debug|Any CPU
		{A03C1592-C3C9-40AE-933B-07ACBC2399D6}.Debug|Any CPU.Build.0 = Debug|Any CPU
		{A03C1592-C3C9-40AE-933B-07ACBC2399D6}.Release|Any CPU.ActiveCfg = Release|Any CPU
		{A03C1592-C3C9-40AE-933B-07ACBC2399D6}.Release|Any CPU.Build.0 = Release|Any CPU
		{D8D92C00-2B1D-4D27-94FD-1B62199C019F}.Debug|Any CPU.ActiveCfg = Debug|Any CPU
		{D8D92C00-2B1D-4D27-94FD-1B62199C019F}.Debug|Any CPU.Build.0 = Debug|Any CPU
		{D8D92C00-2B1D-4D27-94FD-1B62199C019F}.Release|Any CPU.ActiveCfg = Release|Any CPU
		{D8D92C00-2B1D-4D27-94FD-1B62199C019F}.Release|Any CPU.Build.0 = Release|Any CPU
		{1A4726D8-B822-4B08-9C71-BB82C14A589F}.Debug|Any CPU.ActiveCfg = Debug|Any CPU
		{1A4726D8-B822-4B08-9C71-BB82C14A589F}.Debug|Any CPU.Build.0 = Debug|Any CPU
		{1A4726D8-B822-4B08-9C71-BB82C14A589F}.Release|Any CPU.ActiveCfg = Release|Any CPU
		{1A4726D8-B822-4B08-9C71-BB82C14A589F}.Release|Any CPU.Build.0 = Release|Any CPU
		{ED1C5A29-29C3-4CC6-8879-12FA16582961}.Debug|Any CPU.ActiveCfg = Debug|Any CPU
		{ED1C5A29-29C3-4CC6-8879-12FA16582961}.Debug|Any CPU.Build.0 = Debug|Any CPU
		{ED1C5A29-29C3-4CC6-8879-12FA16582961}.Release|Any CPU.ActiveCfg = Release|Any CPU
		{ED1C5A29-29C3-4CC6-8879-12FA16582961}.Release|Any CPU.Build.0 = Release|Any CPU
		{355C9264-48AF-4853-B925-86CD64C726FA}.Debug|Any CPU.ActiveCfg = Debug|Any CPU
		{355C9264-48AF-4853-B925-86CD64C726FA}.Debug|Any CPU.Build.0 = Debug|Any CPU
		{355C9264-48AF-4853-B925-86CD64C726FA}.Release|Any CPU.ActiveCfg = Release|Any CPU
		{355C9264-48AF-4853-B925-86CD64C726FA}.Release|Any CPU.Build.0 = Release|Any CPU
		{CB1CE6C3-56D5-4D70-9606-405501B51D80}.Debug|Any CPU.ActiveCfg = Debug|Any CPU
		{CB1CE6C3-56D5-4D70-9606-405501B51D80}.Debug|Any CPU.Build.0 = Debug|Any CPU
		{CB1CE6C3-56D5-4D70-9606-405501B51D80}.Release|Any CPU.ActiveCfg = Release|Any CPU
		{CB1CE6C3-56D5-4D70-9606-405501B51D80}.Release|Any CPU.Build.0 = Release|Any CPU
		{1933DB28-9DFC-4057-B7AF-FD88B84893A1}.Debug|Any CPU.ActiveCfg = Debug|Any CPU
		{1933DB28-9DFC-4057-B7AF-FD88B84893A1}.Debug|Any CPU.Build.0 = Debug|Any CPU
		{1933DB28-9DFC-4057-B7AF-FD88B84893A1}.Release|Any CPU.ActiveCfg = Release|Any CPU
		{1933DB28-9DFC-4057-B7AF-FD88B84893A1}.Release|Any CPU.Build.0 = Release|Any CPU
		{E4FFC9B9-552F-46CB-A848-9E8B88EAC72C}.Debug|Any CPU.ActiveCfg = Debug|Any CPU
		{E4FFC9B9-552F-46CB-A848-9E8B88EAC72C}.Debug|Any CPU.Build.0 = Debug|Any CPU
		{E4FFC9B9-552F-46CB-A848-9E8B88EAC72C}.Release|Any CPU.ActiveCfg = Release|Any CPU
		{E4FFC9B9-552F-46CB-A848-9E8B88EAC72C}.Release|Any CPU.Build.0 = Release|Any CPU
		{5E156C1C-4741-43B9-8A94-8F6B8D2AF822}.Debug|Any CPU.ActiveCfg = Debug|Any CPU
		{5E156C1C-4741-43B9-8A94-8F6B8D2AF822}.Debug|Any CPU.Build.0 = Debug|Any CPU
		{5E156C1C-4741-43B9-8A94-8F6B8D2AF822}.Release|Any CPU.ActiveCfg = Release|Any CPU
		{5E156C1C-4741-43B9-8A94-8F6B8D2AF822}.Release|Any CPU.Build.0 = Release|Any CPU
		{4D435509-94A7-4931-BEDE-7D51A495CD3F}.Debug|Any CPU.ActiveCfg = Debug|Any CPU
		{4D435509-94A7-4931-BEDE-7D51A495CD3F}.Debug|Any CPU.Build.0 = Debug|Any CPU
		{4D435509-94A7-4931-BEDE-7D51A495CD3F}.Release|Any CPU.ActiveCfg = Release|Any CPU
		{4D435509-94A7-4931-BEDE-7D51A495CD3F}.Release|Any CPU.Build.0 = Release|Any CPU
		{B4891BDA-747D-4F8E-94D8-445593B20AEC}.Debug|Any CPU.ActiveCfg = Debug|Any CPU
		{B4891BDA-747D-4F8E-94D8-445593B20AEC}.Debug|Any CPU.Build.0 = Debug|Any CPU
		{B4891BDA-747D-4F8E-94D8-445593B20AEC}.Release|Any CPU.ActiveCfg = Release|Any CPU
		{B4891BDA-747D-4F8E-94D8-445593B20AEC}.Release|Any CPU.Build.0 = Release|Any CPU
		{DCFCF162-1C64-439D-9D4F-BEBEDCD5379C}.Debug|Any CPU.ActiveCfg = Debug|Any CPU
		{DCFCF162-1C64-439D-9D4F-BEBEDCD5379C}.Debug|Any CPU.Build.0 = Debug|Any CPU
		{DCFCF162-1C64-439D-9D4F-BEBEDCD5379C}.Release|Any CPU.ActiveCfg = Release|Any CPU
		{DCFCF162-1C64-439D-9D4F-BEBEDCD5379C}.Release|Any CPU.Build.0 = Release|Any CPU
		{65919C1C-B149-4908-994A-ED450B9375C3}.Debug|Any CPU.ActiveCfg = Debug|Any CPU
		{65919C1C-B149-4908-994A-ED450B9375C3}.Debug|Any CPU.Build.0 = Debug|Any CPU
		{65919C1C-B149-4908-994A-ED450B9375C3}.Release|Any CPU.ActiveCfg = Release|Any CPU
		{65919C1C-B149-4908-994A-ED450B9375C3}.Release|Any CPU.Build.0 = Release|Any CPU
		{E1096C0B-2878-4CF2-B943-39925E3FCFED}.Debug|Any CPU.ActiveCfg = Debug|Any CPU
		{E1096C0B-2878-4CF2-B943-39925E3FCFED}.Debug|Any CPU.Build.0 = Debug|Any CPU
		{E1096C0B-2878-4CF2-B943-39925E3FCFED}.Release|Any CPU.ActiveCfg = Release|Any CPU
		{E1096C0B-2878-4CF2-B943-39925E3FCFED}.Release|Any CPU.Build.0 = Release|Any CPU
		{B83BD312-6CFD-4747-834D-99D664BA67C3}.Debug|Any CPU.ActiveCfg = Debug|Any CPU
		{B83BD312-6CFD-4747-834D-99D664BA67C3}.Debug|Any CPU.Build.0 = Debug|Any CPU
		{B83BD312-6CFD-4747-834D-99D664BA67C3}.Release|Any CPU.ActiveCfg = Release|Any CPU
		{B83BD312-6CFD-4747-834D-99D664BA67C3}.Release|Any CPU.Build.0 = Release|Any CPU
		{E86143F7-5497-4364-AF58-6EE582AB057C}.Debug|Any CPU.ActiveCfg = Debug|Any CPU
		{E86143F7-5497-4364-AF58-6EE582AB057C}.Debug|Any CPU.Build.0 = Debug|Any CPU
		{E86143F7-5497-4364-AF58-6EE582AB057C}.Release|Any CPU.ActiveCfg = Release|Any CPU
		{E86143F7-5497-4364-AF58-6EE582AB057C}.Release|Any CPU.Build.0 = Release|Any CPU
	EndGlobalSection
	GlobalSection(SolutionProperties) = preSolution
		HideSolutionNode = FALSE
	EndGlobalSection
	GlobalSection(NestedProjects) = preSolution
		{220694EB-C7CD-47C6-8FC9-D8C9A6126BE5} = {A9E5EBD2-F136-4009-8BA3-183C3FACC9EE}
		{1D1FC05F-38B9-4DDE-A7F6-A7AE2E3E5A0D} = {DC0A904F-65DE-46AF-AA71-CF63E2803A64}
		{4181B791-6000-45F1-9CE5-917A0157B60F} = {DC0A904F-65DE-46AF-AA71-CF63E2803A64}
		{DCB8DF11-462C-4604-88FE-C45BC822F7AC} = {DC0A904F-65DE-46AF-AA71-CF63E2803A64}
		{E850D32B-2C11-4424-B7CB-0C95FA43EA44} = {BFAD1DFA-E07E-4062-98FB-54AC88B5EA9D}
		{BE0381B7-233A-430F-97E5-CE5655A1DD67} = {BFAD1DFA-E07E-4062-98FB-54AC88B5EA9D}
		{192B9F0A-835C-4A68-8E88-961C2CFE89AC} = {DC0A904F-65DE-46AF-AA71-CF63E2803A64}
		{C8359FB9-A3B5-4119-8B6B-42185E23A9B8} = {CCE57025-2696-4882-A2CA-DEB5F8413740}
		{46AE2095-7383-4207-8EC8-7DF4EB2FE088} = {CCE57025-2696-4882-A2CA-DEB5F8413740}
		{467F1445-ACC0-48D6-B40B-EE7C5DB01B10} = {BFAD1DFA-E07E-4062-98FB-54AC88B5EA9D}
		{F1A42FA6-9F73-4121-B082-1D2C7B7338A5} = {CCE57025-2696-4882-A2CA-DEB5F8413740}
		{1B4BB399-9A25-41C2-B901-0603E6FA7D61} = {D116428A-F67B-46AE-A347-0C3574DCAC5A}
		{9CDD1397-4E93-40BE-B5BF-B7B321A3433D} = {D116428A-F67B-46AE-A347-0C3574DCAC5A}
		{5ACC84DA-B2D5-487E-8A5A-9F6D23EA0FE2} = {B27BEC3F-9630-4040-83C5-60B309ADC70A}
		{C44A38AC-107C-4637-861E-3DB726F9CB21} = {6A03D0AD-A745-4B9F-BE59-C34FDE457431}
		{8C866276-D219-4913-9C42-FFF5B2271053} = {6A03D0AD-A745-4B9F-BE59-C34FDE457431}
		{CCE57025-2696-4882-A2CA-DEB5F8413740} = {ED768F79-3791-45D7-BE9B-E5C77804D384}
		{DC0A904F-65DE-46AF-AA71-CF63E2803A64} = {ED768F79-3791-45D7-BE9B-E5C77804D384}
		{BFAD1DFA-E07E-4062-98FB-54AC88B5EA9D} = {ED768F79-3791-45D7-BE9B-E5C77804D384}
		{5FC24B78-E23D-4812-88B9-E89E8CD188E8} = {B524DECE-236C-4DEA-8E8B-B8D847FE776B}
		{A03C1592-C3C9-40AE-933B-07ACBC2399D6} = {CCE57025-2696-4882-A2CA-DEB5F8413740}
		{D8D92C00-2B1D-4D27-94FD-1B62199C019F} = {DC0A904F-65DE-46AF-AA71-CF63E2803A64}
		{1A4726D8-B822-4B08-9C71-BB82C14A589F} = {B27BEC3F-9630-4040-83C5-60B309ADC70A}
		{ED1C5A29-29C3-4CC6-8879-12FA16582961} = {BFAD1DFA-E07E-4062-98FB-54AC88B5EA9D}
		{355C9264-48AF-4853-B925-86CD64C726FA} = {BFAD1DFA-E07E-4062-98FB-54AC88B5EA9D}
		{CB1CE6C3-56D5-4D70-9606-405501B51D80} = {B27BEC3F-9630-4040-83C5-60B309ADC70A}
		{E4FFC9B9-552F-46CB-A848-9E8B88EAC72C} = {CCE57025-2696-4882-A2CA-DEB5F8413740}
		{9ED07BC2-571C-4D7B-B514-25B4D12ACACD} = {CCE57025-2696-4882-A2CA-DEB5F8413740}
		{1933DB28-9DFC-4057-B7AF-FD88B84893A1} = {9ED07BC2-571C-4D7B-B514-25B4D12ACACD}
		{5E156C1C-4741-43B9-8A94-8F6B8D2AF822} = {9ED07BC2-571C-4D7B-B514-25B4D12ACACD}
		{81DDED9D-158B-E303-5F62-77A2896D2A5A} = {6A03D0AD-A745-4B9F-BE59-C34FDE457431}
		{941704C9-A452-4C0D-9B60-E7CC0C871CAE} = {DC0A904F-65DE-46AF-AA71-CF63E2803A64}
		{69A2B175-86E2-48C8-A2B8-CCB12EFDB549} = {941704C9-A452-4C0D-9B60-E7CC0C871CAE}
		{4D435509-94A7-4931-BEDE-7D51A495CD3F} = {941704C9-A452-4C0D-9B60-E7CC0C871CAE}
		{1FAA0D3A-4BA6-4D6C-BD24-9736B371E617} = {BFAD1DFA-E07E-4062-98FB-54AC88B5EA9D}
		{D9A0303E-7D66-4C6C-A220-5181A3C7257E} = {1FAA0D3A-4BA6-4D6C-BD24-9736B371E617}
		{B4891BDA-747D-4F8E-94D8-445593B20AEC} = {1FAA0D3A-4BA6-4D6C-BD24-9736B371E617}
		{DCFCF162-1C64-439D-9D4F-BEBEDCD5379C} = {A9E5EBD2-F136-4009-8BA3-183C3FACC9EE}
		{65919C1C-B149-4908-994A-ED450B9375C3} = {941704C9-A452-4C0D-9B60-E7CC0C871CAE}
		{E1096C0B-2878-4CF2-B943-39925E3FCFED} = {9ED07BC2-571C-4D7B-B514-25B4D12ACACD}
		{B83BD312-6CFD-4747-834D-99D664BA67C3} = {1FAA0D3A-4BA6-4D6C-BD24-9736B371E617}
		{E86143F7-5497-4364-AF58-6EE582AB057C} = {B27BEC3F-9630-4040-83C5-60B309ADC70A}
	EndGlobalSection
EndGlobal
